# This file is autogenerated, do not edit; changes may be undone by the next 'dep ensure'.


[[projects]]
  branch = "master"
  digest = "1:315c5f2f60c76d89b871c73f9bd5fe689cad96597afd50fb9992228ef80bdd34"
  name = "github.com/alecthomas/template"
  packages = [
    ".",
    "parse",
  ]
  pruneopts = "UT"
  revision = "a0175ee3bccc567396460bf5acd36800cb10c49c"

[[projects]]
  branch = "master"
  digest = "1:c198fdc381e898e8fb62b8eb62758195091c313ad18e52a3067366e1dda2fb3c"
  name = "github.com/alecthomas/units"
  packages = ["."]
  pruneopts = "UT"
  revision = "2efee857e7cfd4f3d0138cc3cbb1b4966962b93a"

[[projects]]
  digest = "1:a8d622a8049a4aa420e1c509873bb85d4c45c5107f420d922f919bfcb8d08694"
  name = "github.com/beevik/ntp"
  packages = ["."]
  pruneopts = "UT"
  revision = "62c80a04de2086884d8296004b6d74ee1846c582"
  version = "v0.2.0"

[[projects]]
  branch = "master"
  digest = "1:d6afaeed1502aa28e80a4ed0981d570ad91b2579193404256ce672ed0a609e0d"
  name = "github.com/beorn7/perks"
  packages = ["quantile"]
  pruneopts = "UT"
  revision = "3a771d992973f24aa725d07868b467d1ddfceafb"

[[projects]]
  digest = "1:c262724e34fd94dbdcc64516cbf638d5a6737edcd63ec4efebc284e92309afe7"
  name = "github.com/coreos/go-systemd"
  packages = ["dbus"]
  pruneopts = "UT"
  revision = "39ca1b05acc7ad1220e09f133283b8859a8b71ab"
  version = "v17"

[[projects]]
  branch = "master"
  digest = "1:986d4634d695548183c069aa43d520b50b228ec1e9af8ec5b7e9d3598635e95c"
  name = "github.com/ema/qdisc"
  packages = ["."]
  pruneopts = "UT"
  revision = "b307c22d3ce761d351b6e6270b50195b44ee9248"

[[projects]]
  digest = "1:57fa4c058c21ce25d0b7272518dd746065117abf6cc706158b0d361202024520"
  name = "github.com/godbus/dbus"
  packages = ["."]
  pruneopts = "UT"
  revision = "a389bdde4dd695d414e47b755e95e72b7826432c"
  version = "v4.1.0"

[[projects]]
  digest = "1:15042ad3498153684d09f393bbaec6b216c8eec6d61f63dff711de7d64ed8861"
  name = "github.com/golang/protobuf"
  packages = ["proto"]
  pruneopts = "UT"
  revision = "b4deda0973fb4c70b50d226b1af49f3da59f5265"
  version = "v1.1.0"

[[projects]]
  branch = "master"
  digest = "1:59f1fb7cb69b1cfd10ff3f3a9d7ace5b9663e5e7d59b9713d01947828e7dbd99"
  name = "github.com/kolo/xmlrpc"
  packages = ["."]
  pruneopts = "UT"
  revision = "959962c1b48bbdbfbba4d59d58a8c15ff3fb9b22"

[[projects]]
  branch = "master"
  digest = "1:9e23318fb92c60935e4de2ce13710979f1dffd5c7a4ec4b29a740c27da9b735c"
  name = "github.com/lufia/iostat"
  packages = ["."]
  pruneopts = "UT"
  revision = "9f7362b77ad333b26c01c99de52a11bdb650ded2"

[[projects]]
  digest = "1:ff5ebae34cfbf047d505ee150de27e60570e8c394b3b8fdbb720ff6ac71985fc"
  name = "github.com/matttproud/golang_protobuf_extensions"
  packages = ["pbutil"]
  pruneopts = "UT"
  revision = "c12348ce28de40eed0136aa2b644d0ee0650e56c"
  version = "v1.0.1"

[[projects]]
  branch = "master"
  digest = "1:b09276b1610275e1abfc39d4d9541992236b085856c8007cab0de35b66f64444"
  name = "github.com/mdlayher/genetlink"
  packages = ["."]
  pruneopts = "UT"
  revision = "0b18675c0b77924cf6bbf279b68cf9064c4cd265"

[[projects]]
  branch = "master"
  digest = "1:890d856eab10e2dd292069fb5511169ae62b773e2550ffdc30a3dc3110a458d2"
  name = "github.com/mdlayher/netlink"
  packages = [
    ".",
    "nlenc",
  ]
  pruneopts = "UT"
  revision = "25817dc2553bde648b4bd825e625e87d92658bb7"

[[projects]]
  branch = "master"
  digest = "1:56c3ffebb3cca0e9f558afce406e95a85e6096ecb19983b2e706853f19ca75f4"
  name = "github.com/mdlayher/wifi"
  packages = [
    ".",
    "internal/nl80211",
  ]
  pruneopts = "UT"
  revision = "9a2549315201616119128afe421d1601ef3506f9"

[[projects]]
  digest = "1:d14a5f4bfecf017cb780bdde1b6483e5deb87e12c332544d2c430eda58734bcb"
  name = "github.com/prometheus/client_golang"
  packages = [
    "prometheus",
    "prometheus/promhttp",
  ]
  pruneopts = "UT"
  revision = "c5b7fccd204277076155f10851dad72b76a49317"
  version = "v0.8.0"

[[projects]]
  branch = "master"
  digest = "1:32d10bdfa8f09ecf13598324dba86ab891f11db3c538b6a34d1c3b5b99d7c36b"
  name = "github.com/prometheus/client_model"
  packages = ["go"]
  pruneopts = "UT"
  revision = "99fa1f4be8e564e8a6b613da7fa6f46c9edafc6c"

[[projects]]
  branch = "master"
  digest = "1:e19679d216d9761aa37695c513de1a893fb8bbdc5732eccabc84d036f33b9ce5"
  name = "github.com/prometheus/common"
  packages = [
    "expfmt",
    "internal/bitbucket.org/ww/goautoneg",
    "log",
    "model",
    "version",
  ]
  pruneopts = "UT"
  revision = "7600349dcfe1abd18d72d3a1770870d9800a7801"

[[projects]]
  digest = "1:44e7b0bb54216929914fd75cc64635111dae0d4c2ebaaaa379a02aff10aff546"
  name = "github.com/prometheus/node_exporter"
  packages = [
    "collector",
    "collector/ganglia",
  ]
  pruneopts = "UT"
  revision = "98bc64930d34878b84a0f87dfe6e1a6da61e532d"
  version = "v0.15.2"

[[projects]]
  branch = "master"
  digest = "1:c7f90df913b0911fcce605bd175ed29ae1d88f7c9523b81d5bffaf51748a87db"
  name = "github.com/prometheus/procfs"
  packages = [
    ".",
    "bcache",
    "internal/util",
    "nfs",
    "sysfs",
    "xfs",
  ]
  pruneopts = "UT"
  revision = "7d6f385de8bea29190f15ba9931442a0eaef9af7"

[[projects]]
  digest = "1:9e9193aa51197513b3abcb108970d831fbcf40ef96aa845c4f03276e1fa316d2"
  name = "github.com/sirupsen/logrus"
  packages = ["."]
  pruneopts = "UT"
  revision = "c155da19408a8799da419ed3eeb0cb5db0ad5dbc"
  version = "v1.0.5"

[[projects]]
  branch = "master"
  digest = "1:6e49d7f9bb08a0f0ab7f5e8eb64e9393b970e4e8fb8eebc18faf4d019bc6162c"
  name = "github.com/soundcloud/go-runit"
  packages = ["runit"]
  pruneopts = "UT"
  revision = "06ad41a06c4a586951fb8040a697ecd39729640b"

[[projects]]
  branch = "master"
  digest = "1:3f3a05ae0b95893d90b9b3b5afdb79a9b3d96e4e36e099d841ae602e4aca0da8"
  name = "golang.org/x/crypto"
  packages = ["ssh/terminal"]
  pruneopts = "UT"
  revision = "a49355c7e3f8fe157a85be2f77e6e269a0f89602"

[[projects]]
  branch = "master"
  digest = "1:d3a523b16238b152d365ab5763644cdc88bc7542bf6837dc214ab98731cabe3d"
  name = "golang.org/x/net"
  packages = [
    "bpf",
    "internal/iana",
    "internal/socket",
    "ipv4",
  ]
  pruneopts = "UT"
  revision = "afe8f62b1d6bbd81f31868121a50b06d8188e1f9"

[[projects]]
  branch = "master"
  digest = "1:091c82e6119698c855d8e69ad01ca5d9db5c8e8deb88a1f87ae4635d741be465"
  name = "golang.org/x/sys"
  packages = [
    "unix",
    "windows",
    "windows/registry",
    "windows/svc/eventlog",
  ]
  pruneopts = "UT"
  revision = "ad87a3a340fa7f3bed189293fbfa7a9b7e021ae1"

[[projects]]
  digest = "1:c06d9e11d955af78ac3bbb26bd02e01d2f61f689e1a3bce2ef6fb683ef8a7f2d"
  name = "gopkg.in/alecthomas/kingpin.v2"
  packages = ["."]
  pruneopts = "UT"
  revision = "947dcec5ba9c011838740e680966fd7087a71d0d"
  version = "v2.2.6"

[solve-meta]
  analyzer-name = "dep"
  analyzer-version = 1
  input-imports = [
    "github.com/beevik/ntp",
    "github.com/coreos/go-systemd/dbus",
    "github.com/ema/qdisc",
    "github.com/godbus/dbus",
    "github.com/golang/protobuf/proto",
    "github.com/kolo/xmlrpc",
    "github.com/lufia/iostat",
    "github.com/mdlayher/wifi",
    "github.com/prometheus/client_golang/prometheus",
    "github.com/prometheus/client_golang/prometheus/promhttp",
    "github.com/prometheus/client_model/go",
    "github.com/prometheus/common/expfmt",
    "github.com/prometheus/common/log",
    "github.com/prometheus/common/version",
    "github.com/prometheus/node_exporter/collector",
    "github.com/prometheus/node_exporter/collector/ganglia",
    "github.com/prometheus/procfs",
    "github.com/prometheus/procfs/bcache",
    "github.com/prometheus/procfs/sysfs",
    "github.com/prometheus/procfs/xfs",
    "github.com/soundcloud/go-runit/runit",
    "golang.org/x/sys/unix",
  ]
  solver-name = "gps-cdcl"
  solver-version = 1
